
Microsoft Visual Studio Solution File, Format Version 12.00
# Visual Studio Version 17
VisualStudioVersion = 17.0.31903.59
MinimumVisualStudioVersion = 10.0.40219.1
Project("{FAE04EC0-301F-11D3-BF4B-00C04F79EFBC}") = "API", "API\API.csproj", "{00D87BE9-3EFE-463B-BF28-52977FB86E29}"
EndProject
Project("{FAE04EC0-301F-11D3-BF4B-00C04F79EFBC}") = "Core", "Core\Core.csproj", "{CD39F3B8-7750-470A-812A-18001489EB41}"
EndProject
Project("{FAE04EC0-301F-11D3-BF4B-00C04F79EFBC}") = "Infrastructure", "Infrastructure\Infrastructure.csproj", "{3F740139-1474-4D7A-B480-AA11EAA11A81}"
EndProject
Global
	GlobalSection(SolutionConfigurationPlatforms) = preSolution
		Debug|Any CPU = Debug|Any CPU
		Release|Any CPU = Release|Any CPU
	EndGlobalSection
	GlobalSection(SolutionProperties) = preSolution
		HideSolutionNode = FALSE
	EndGlobalSection
	GlobalSection(ProjectConfigurationPlatforms) = postSolution
		{00D87BE9-3EFE-463B-BF28-52977FB86E29}.Debug|Any CPU.ActiveCfg = Debug|Any CPU
		{00D87BE9-3EFE-463B-BF28-52977FB86E29}.Debug|Any CPU.Build.0 = Debug|Any CPU
		{00D87BE9-3EFE-463B-BF28-52977FB86E29}.Release|Any CPU.ActiveCfg = Release|Any CPU
		{00D87BE9-3EFE-463B-BF28-52977FB86E29}.Release|Any CPU.Build.0 = Release|Any CPU
		{CD39F3B8-7750-470A-812A-18001489EB41}.Debug|Any CPU.ActiveCfg = Debug|Any CPU
		{CD39F3B8-7750-470A-812A-18001489EB41}.Debug|Any CPU.Build.0 = Debug|Any CPU
		{CD39F3B8-7750-470A-812A-18001489EB41}.Release|Any CPU.ActiveCfg = Release|Any CPU
		{CD39F3B8-7750-470A-812A-18001489EB41}.Release|Any CPU.Build.0 = Release|Any CPU
		{3F740139-1474-4D7A-B480-AA11EAA11A81}.Debug|Any CPU.ActiveCfg = Debug|Any CPU
		{3F740139-1474-4D7A-B480-AA11EAA11A81}.Debug|Any CPU.Build.0 = Debug|Any CPU
		{3F740139-1474-4D7A-B480-AA11EAA11A81}.Release|Any CPU.ActiveCfg = Release|Any CPU
		{3F740139-1474-4D7A-B480-AA11EAA11A81}.Release|Any CPU.Build.0 = Release|Any CPU
	EndGlobalSection
EndGlobal
